# This file is automatically @generated by Cargo.
# It is not intended for manual editing.
version = 3

[[package]]
name = "app"
version = "0.1.0"
dependencies = [
 "compiler",
 "server",
 "storge",
 "triadic_logic",
]

[[package]]
name = "compiler"
version = "0.1.0"

[[package]]
name = "server"
version = "0.1.0"

[[package]]
name = "storge"
version = "0.1.0"

[[package]]
name = "triadic_logic"
version = "0.1.0"
